
Microsoft Visual Studio Solution File, Format Version 12.00
Project("{FAE04EC0-301F-11D3-BF4B-00C04F79EFBC}") = "PlayingCards", "PlayingCards\PlayingCards.csproj", "{C2365642-EF8B-4F26-AD76-43C459A77D0A}"
EndProject
Project("{FAE04EC0-301F-11D3-BF4B-00C04F79EFBC}") = "PlayingCardsTest", "PlayingCardsTest\PlayingCardsTest.csproj", "{E3FC0839-78FD-4ECE-9AB5-D73A5E1B7BB0}"
EndProject
Global
	GlobalSection(SolutionConfigurationPlatforms) = preSolution
		Debug|Any CPU = Debug|Any CPU
		Release|Any CPU = Release|Any CPU
	EndGlobalSection
	GlobalSection(ProjectConfigurationPlatforms) = postSolution
		{C2365642-EF8B-4F26-AD76-43C459A77D0A}.Debug|Any CPU.ActiveCfg = Debug|Any CPU
		{C2365642-EF8B-4F26-AD76-43C459A77D0A}.Debug|Any CPU.Build.0 = Debug|Any CPU
		{C2365642-EF8B-4F26-AD76-43C459A77D0A}.Release|Any CPU.ActiveCfg = Release|Any CPU
		{C2365642-EF8B-4F26-AD76-43C459A77D0A}.Release|Any CPU.Build.0 = Release|Any CPU
		{E3FC0839-78FD-4ECE-9AB5-D73A5E1B7BB0}.Debug|Any CPU.ActiveCfg = Debug|Any CPU
		{E3FC0839-78FD-4ECE-9AB5-D73A5E1B7BB0}.Debug|Any CPU.Build.0 = Debug|Any CPU
		{E3FC0839-78FD-4ECE-9AB5-D73A5E1B7BB0}.Release|Any CPU.ActiveCfg = Release|Any CPU
		{E3FC0839-78FD-4ECE-9AB5-D73A5E1B7BB0}.Release|Any CPU.Build.0 = Release|Any CPU
	EndGlobalSection
EndGlobal
